Microsoft Visual Studio Solution File, Format Version 11.00
# Visual Studio 2010
Project("{FAE04EC0-301F-11D3-BF4B-00C04F79EFBC}") = "Assembly-CSharp", "Assembly-CSharp.csproj", "{B7D4954C-B4E2-5FBA-BC1D-15BFA6436DA6}"
EndProject
Project("{FAE04EC0-301F-11D3-BF4B-00C04F79EFBC}") = "Assembly-CSharp-Editor", "Assembly-CSharp-Editor.csproj", "{F1DB4829-8F1A-C79E-8EC9-612A5F0FC1DB}"
EndProject
Project("{FAE04EC0-301F-11D3-BF4B-00C04F79EFBC}") = "Assembly-CSharp-Editor-firstpass", "Assembly-CSharp-Editor-firstpass.csproj", "{B7537655-7027-8254-49BD-21449811109F}"
EndProject
Global
	GlobalSection(SolutionConfigurationPlatforms) = preSolution
		Debug|Any CPU = Debug|Any CPU
		Release|Any CPU = Release|Any CPU
	EndGlobalSection
	GlobalSection(ProjectConfigurationPlatforms) = postSolution
		{B7D4954C-B4E2-5FBA-BC1D-15BFA6436DA6}.Debug|Any CPU.ActiveCfg = Debug|Any CPU
		{B7D4954C-B4E2-5FBA-BC1D-15BFA6436DA6}.Debug|Any CPU.Build.0 = Debug|Any CPU
		{B7D4954C-B4E2-5FBA-BC1D-15BFA6436DA6}.Release|Any CPU.ActiveCfg = Release|Any CPU
		{B7D4954C-B4E2-5FBA-BC1D-15BFA6436DA6}.Release|Any CPU.Build.0 = Release|Any CPU
		{F1DB4829-8F1A-C79E-8EC9-612A5F0FC1DB}.Debug|Any CPU.ActiveCfg = Debug|Any CPU
		{F1DB4829-8F1A-C79E-8EC9-612A5F0FC1DB}.Debug|Any CPU.Build.0 = Debug|Any CPU
		{F1DB4829-8F1A-C79E-8EC9-612A5F0FC1DB}.Release|Any CPU.ActiveCfg = Release|Any CPU
		{F1DB4829-8F1A-C79E-8EC9-612A5F0FC1DB}.Release|Any CPU.Build.0 = Release|Any CPU
		{B7537655-7027-8254-49BD-21449811109F}.Debug|Any CPU.ActiveCfg = Debug|Any CPU
		{B7537655-7027-8254-49BD-21449811109F}.Debug|Any CPU.Build.0 = Debug|Any CPU
		{B7537655-7027-8254-49BD-21449811109F}.Release|Any CPU.ActiveCfg = Release|Any CPU
		{B7537655-7027-8254-49BD-21449811109F}.Release|Any CPU.Build.0 = Release|Any CPU
	EndGlobalSection
	GlobalSection(SolutionProperties) = preSolution
		HideSolutionNode = FALSE
	EndGlobalSection
EndGlobal
